// !$*UTF8*$!
{
	archiveVersion = 1;
	classes = {
	};
	objectVersion = 56;
	objects = {

/* Begin PBXBuildFile section */
		6C11287B53C63B0CDF246C7D /* Pods_eMovie.framework in Frameworks */ = {isa = PBXBuildFile; fileRef = B2BF3654B1CB231D5CB4EA25 /* Pods_eMovie.framework */; };
		9A1AECCC2922CA9A00619687 /* MockDetailView.swift in Sources */ = {isa = PBXBuildFile; fileRef = 9A1AECCB2922CA9A00619687 /* MockDetailView.swift */; };
		9A1AECCE2922CAB600619687 /* MockDetailInteractor.swift in Sources */ = {isa = PBXBuildFile; fileRef = 9A1AECCD2922CAB600619687 /* MockDetailInteractor.swift */; };
		9A1D1E202911675700E286AE /* MockHomeInteractor.swift in Sources */ = {isa = PBXBuildFile; fileRef = 9A1D1E1F2911675700E286AE /* MockHomeInteractor.swift */; };
		9A1D1E232911696500E286AE /* MockHomeView.swift in Sources */ = {isa = PBXBuildFile; fileRef = 9A1D1E222911696500E286AE /* MockHomeView.swift */; };
		9A1D1E2529116C7600E286AE /* HomeRouter.swift in Sources */ = {isa = PBXBuildFile; fileRef = 9A1D1E2429116C7600E286AE /* HomeRouter.swift */; };
		9A1D1E2729116FD100E286AE /* MovieDetailRouter.swift in Sources */ = {isa = PBXBuildFile; fileRef = 9A1D1E2629116FD100E286AE /* MovieDetailRouter.swift */; };
		9A1D1E2B291174D400E286AE /* MovieDetailInteractor.swift in Sources */ = {isa = PBXBuildFile; fileRef = 9A1D1E2A291174D400E286AE /* MovieDetailInteractor.swift */; };
		9A1D1E2D2911837900E286AE /* MockHomeRouter.swift in Sources */ = {isa = PBXBuildFile; fileRef = 9A1D1E2C2911837900E286AE /* MockHomeRouter.swift */; };
		9A3569BE29207DA600C6E6A2 /* HomeViewControllerTests.swift in Sources */ = {isa = PBXBuildFile; fileRef = 9A3569BD29207DA600C6E6A2 /* HomeViewControllerTests.swift */; };
		9A3B795429153792009268A7 /* LoginViewController.swift in Sources */ = {isa = PBXBuildFile; fileRef = 9A3B795229153792009268A7 /* LoginViewController.swift */; };
		9A3B795529153792009268A7 /* LoginViewController.xib in Resources */ = {isa = PBXBuildFile; fileRef = 9A3B795329153792009268A7 /* LoginViewController.xib */; };
		9A3B7957291537A0009268A7 /* LoginPresenter.swift in Sources */ = {isa = PBXBuildFile; fileRef = 9A3B7956291537A0009268A7 /* LoginPresenter.swift */; };
		9A3B7959291537AA009268A7 /* LoginInteractor.swift in Sources */ = {isa = PBXBuildFile; fileRef = 9A3B7958291537AA009268A7 /* LoginInteractor.swift */; };
		9A3B795B291537B2009268A7 /* LoginRouter.swift in Sources */ = {isa = PBXBuildFile; fileRef = 9A3B795A291537B2009268A7 /* LoginRouter.swift */; };
		9A3B795E29169BC8009268A7 /* TabBarController.swift in Sources */ = {isa = PBXBuildFile; fileRef = 9A3B795D29169BC8009268A7 /* TabBarController.swift */; };
		9A3B796029169C76009268A7 /* TabBarRouter.swift in Sources */ = {isa = PBXBuildFile; fileRef = 9A3B795F29169C76009268A7 /* TabBarRouter.swift */; };
		9A3B79622916A35E009268A7 /* ProfilePresenter.swift in Sources */ = {isa = PBXBuildFile; fileRef = 9A3B79612916A35E009268A7 /* ProfilePresenter.swift */; };
		9A3B79642916A36B009268A7 /* ProfileRouter.swift in Sources */ = {isa = PBXBuildFile; fileRef = 9A3B79632916A36B009268A7 /* ProfileRouter.swift */; };
		9A3B79662916A376009268A7 /* ProfileInteractor.swift in Sources */ = {isa = PBXBuildFile; fileRef = 9A3B79652916A376009268A7 /* ProfileInteractor.swift */; };
		9A3B79682916B6B4009268A7 /* Login.swift in Sources */ = {isa = PBXBuildFile; fileRef = 9A3B79672916B6B4009268A7 /* Login.swift */; };
		9A3B796A2916B6F9009268A7 /* SessionToken.swift in Sources */ = {isa = PBXBuildFile; fileRef = 9A3B79692916B6F9009268A7 /* SessionToken.swift */; };
		9A3B796C2916B726009268A7 /* Account.swift in Sources */ = {isa = PBXBuildFile; fileRef = 9A3B796B2916B726009268A7 /* Account.swift */; };
		9A3B79712916EBA8009268A7 /* LoginTextfield.swift in Sources */ = {isa = PBXBuildFile; fileRef = 9A3B79702916EBA8009268A7 /* LoginTextfield.swift */; };
		9A3B79732916ED58009268A7 /* LoginButton.swift in Sources */ = {isa = PBXBuildFile; fileRef = 9A3B79722916ED58009268A7 /* LoginButton.swift */; };
		9A3B79752916FFA9009268A7 /* ApiResponseError.swift in Sources */ = {isa = PBXBuildFile; fileRef = 9A3B79742916FFA9009268A7 /* ApiResponseError.swift */; };
		9A3B797729170023009268A7 /* CoreHTTPClient.swift in Sources */ = {isa = PBXBuildFile; fileRef = 9A3B797629170023009268A7 /* CoreHTTPClient.swift */; };
		9A3B797A29170116009268A7 /* MarkFavoriteRequest.swift in Sources */ = {isa = PBXBuildFile; fileRef = 9A3B797929170116009268A7 /* MarkFavoriteRequest.swift */; };
		9A3B797C29170B79009268A7 /* HomeCollectionBuilder.swift in Sources */ = {isa = PBXBuildFile; fileRef = 9A3B797B29170B79009268A7 /* HomeCollectionBuilder.swift */; };
		9A5CA7A6290A018000C6FD0D /* AppDelegate.swift in Sources */ = {isa = PBXBuildFile; fileRef = 9A5CA7A5290A018000C6FD0D /* AppDelegate.swift */; };
		9A5CA7A8290A018000C6FD0D /* SceneDelegate.swift in Sources */ = {isa = PBXBuildFile; fileRef = 9A5CA7A7290A018000C6FD0D /* SceneDelegate.swift */; };
		9A5CA7AD290A018000C6FD0D /* Main.storyboard in Resources */ = {isa = PBXBuildFile; fileRef = 9A5CA7AB290A018000C6FD0D /* Main.storyboard */; };
		9A5CA7AF290A018200C6FD0D /* Assets.xcassets in Resources */ = {isa = PBXBuildFile; fileRef = 9A5CA7AE290A018200C6FD0D /* Assets.xcassets */; };
		9A5CA7B2290A018200C6FD0D /* LaunchScreen.storyboard in Resources */ = {isa = PBXBuildFile; fileRef = 9A5CA7B0290A018200C6FD0D /* LaunchScreen.storyboard */; };
		9A5CA7DE290A030300C6FD0D /* HomeViewController.swift in Sources */ = {isa = PBXBuildFile; fileRef = 9A5CA7DC290A030300C6FD0D /* HomeViewController.swift */; };
		9A5CA7DF290A030300C6FD0D /* HomeViewController.xib in Resources */ = {isa = PBXBuildFile; fileRef = 9A5CA7DD290A030300C6FD0D /* HomeViewController.xib */; };
		9A5CA7E6290A0B9A00C6FD0D /* UIView+Extension.swift in Sources */ = {isa = PBXBuildFile; fileRef = 9A5CA7E5290A0B9A00C6FD0D /* UIView+Extension.swift */; };
		9A5CA7EA290A0D3200C6FD0D /* Movie.swift in Sources */ = {isa = PBXBuildFile; fileRef = 9A5CA7E9290A0D3200C6FD0D /* Movie.swift */; };
		9A5CA7ED290A10F800C6FD0D /* MovieCollectionViewCell.swift in Sources */ = {isa = PBXBuildFile; fileRef = 9A5CA7EB290A10F800C6FD0D /* MovieCollectionViewCell.swift */; };
		9A5CA7EE290A10F800C6FD0D /* MovieCollectionViewCell.xib in Resources */ = {isa = PBXBuildFile; fileRef = 9A5CA7EC290A10F800C6FD0D /* MovieCollectionViewCell.xib */; };
		9A5CA7F0290AB84F00C6FD0D /* HTTPClient.swift in Sources */ = {isa = PBXBuildFile; fileRef = 9A5CA7EF290AB84F00C6FD0D /* HTTPClient.swift */; };
		9A5CA7F2290ABA9B00C6FD0D /* HomePresenter.swift in Sources */ = {isa = PBXBuildFile; fileRef = 9A5CA7F1290ABA9B00C6FD0D /* HomePresenter.swift */; };
		9A5CA7F7290AD50900C6FD0D /* SectionHeaderView.swift in Sources */ = {isa = PBXBuildFile; fileRef = 9A5CA7F6290AD50900C6FD0D /* SectionHeaderView.swift */; };
		9A5EEAED29244B450022F324 /* GetProvidersProcess.swift in Sources */ = {isa = PBXBuildFile; fileRef = 9A5EEAEC29244B450022F324 /* GetProvidersProcess.swift */; };
		9A77B8EF290D5AB7003EEE36 /* NetworkStatusHandler.swift in Sources */ = {isa = PBXBuildFile; fileRef = 9A77B8EE290D5AB7003EEE36 /* NetworkStatusHandler.swift */; };
		9A77B8F2290D99C9003EEE36 /* HomePresenterTests.swift in Sources */ = {isa = PBXBuildFile; fileRef = 9A77B8F1290D99C9003EEE36 /* HomePresenterTests.swift */; };
		9A77B8F4290DE8F8003EEE36 /* movies.json in Resources */ = {isa = PBXBuildFile; fileRef = 9A77B8F3290DE8F8003EEE36 /* movies.json */; };
		9A9C79E3291D8F1E0019BF99 /* StartOnboardingViewController.swift in Sources */ = {isa = PBXBuildFile; fileRef = 9A9C79E1291D8F1E0019BF99 /* StartOnboardingViewController.swift */; };
		9A9C79E4291D8F1E0019BF99 /* StartOnboardingViewController.xib in Resources */ = {isa = PBXBuildFile; fileRef = 9A9C79E2291D8F1E0019BF99 /* StartOnboardingViewController.xib */; };
		9A9C79E6291D8F340019BF99 /* StartOnboardingPresenter.swift in Sources */ = {isa = PBXBuildFile; fileRef = 9A9C79E5291D8F340019BF99 /* StartOnboardingPresenter.swift */; };
		9A9C79E8291D8F3F0019BF99 /* StartOnboardingRouter.swift in Sources */ = {isa = PBXBuildFile; fileRef = 9A9C79E7291D8F3F0019BF99 /* StartOnboardingRouter.swift */; };
		9A9E043729149BF800C11AF4 /* RequesToken.swift in Sources */ = {isa = PBXBuildFile; fileRef = 9A9E043629149BF800C11AF4 /* RequesToken.swift */; };
		9A9E043B29149DB500C11AF4 /* ProfileViewController.swift in Sources */ = {isa = PBXBuildFile; fileRef = 9A9E043929149DB500C11AF4 /* ProfileViewController.swift */; };
		9A9E043C29149DB500C11AF4 /* ProfileViewController.xib in Resources */ = {isa = PBXBuildFile; fileRef = 9A9E043A29149DB500C11AF4 /* ProfileViewController.xib */; };
		9AA26DA1290B211300C3B2DD /* RecommendedHeaderView.swift in Sources */ = {isa = PBXBuildFile; fileRef = 9AA26DA0290B211300C3B2DD /* RecommendedHeaderView.swift */; };
		9AA9B0FA2917FD1A00009888 /* MovieSearchResultTableCell.swift in Sources */ = {isa = PBXBuildFile; fileRef = 9AA9B0F82917FD1A00009888 /* MovieSearchResultTableCell.swift */; };
		9AA9B0FB2917FD1A00009888 /* MovieSearchResultTableCell.xib in Resources */ = {isa = PBXBuildFile; fileRef = 9AA9B0F92917FD1A00009888 /* MovieSearchResultTableCell.xib */; };
		9AA9B0FD29183E8A00009888 /* UISearchBar+Extension.swift in Sources */ = {isa = PBXBuildFile; fileRef = 9AA9B0FC29183E8A00009888 /* UISearchBar+Extension.swift */; };
		9AA9B0FF29183F3800009888 /* MovieProviderClient.swift in Sources */ = {isa = PBXBuildFile; fileRef = 9AA9B0FE29183F3800009888 /* MovieProviderClient.swift */; };
		9AA9B10129188D7200009888 /* PlataformProviderView.swift in Sources */ = {isa = PBXBuildFile; fileRef = 9AA9B10029188D7200009888 /* PlataformProviderView.swift */; };
		9AAC44A7291759EC00266847 /* SearchViewController.swift in Sources */ = {isa = PBXBuildFile; fileRef = 9AAC44A5291759EC00266847 /* SearchViewController.swift */; };
		9AAC44A8291759EC00266847 /* SearchViewController.xib in Resources */ = {isa = PBXBuildFile; fileRef = 9AAC44A6291759EC00266847 /* SearchViewController.xib */; };
		9AAC44AA29175A0E00266847 /* SearchRouter.swift in Sources */ = {isa = PBXBuildFile; fileRef = 9AAC44A929175A0E00266847 /* SearchRouter.swift */; };
		9AAC44AC29175A9200266847 /* SearchInteractor.swift in Sources */ = {isa = PBXBuildFile; fileRef = 9AAC44AB29175A9200266847 /* SearchInteractor.swift */; };
		9AAC44AE29175B7500266847 /* SearchPresenter.swift in Sources */ = {isa = PBXBuildFile; fileRef = 9AAC44AD29175B7500266847 /* SearchPresenter.swift */; };
		9AAF79D5291C70A800041612 /* RecommendedMovieCollectionViewCell.swift in Sources */ = {isa = PBXBuildFile; fileRef = 9AAF79D3291C70A800041612 /* RecommendedMovieCollectionViewCell.swift */; };
		9AAF79D6291C70A800041612 /* RecommendedMovieCollectionViewCell.xib in Resources */ = {isa = PBXBuildFile; fileRef = 9AAF79D4291C70A800041612 /* RecommendedMovieCollectionViewCell.xib */; };
		9AAFB5C729100B7A00DBD790 /* HomeInteractor.swift in Sources */ = {isa = PBXBuildFile; fileRef = 9AAFB5C629100B7A00DBD790 /* HomeInteractor.swift */; };
		9AB49955290C0E9D0084B7CC /* MovieDetailViewController.swift in Sources */ = {isa = PBXBuildFile; fileRef = 9AB49953290C0E9D0084B7CC /* MovieDetailViewController.swift */; };
		9AB49956290C0E9D0084B7CC /* MovieDetailViewController.xib in Resources */ = {isa = PBXBuildFile; fileRef = 9AB49954290C0E9D0084B7CC /* MovieDetailViewController.xib */; };
		9AB49958290C11750084B7CC /* MovieDetailPresenter.swift in Sources */ = {isa = PBXBuildFile; fileRef = 9AB49957290C11750084B7CC /* MovieDetailPresenter.swift */; };
		9AB4995A290C19C40084B7CC /* MovieDetail.swift in Sources */ = {isa = PBXBuildFile; fileRef = 9AB49959290C19C40084B7CC /* MovieDetail.swift */; };
		9AB4995C290C4C8E0084B7CC /* Video.swift in Sources */ = {isa = PBXBuildFile; fileRef = 9AB4995B290C4C8E0084B7CC /* Video.swift */; };
		9AF26A64292145DB00BB9071 /* MovieDetailPresenterTests.swift in Sources */ = {isa = PBXBuildFile; fileRef = 9AF26A63292145DB00BB9071 /* MovieDetailPresenterTests.swift */; };
		A0F1781D9B85C9D47E1F77A9 /* Pods_eMovieTests.framework in Frameworks */ = {isa = PBXBuildFile; fileRef = 68EA1CE646406BF4545B43B2 /* Pods_eMovieTests.framework */; };
/* End PBXBuildFile section */

/* Begin PBXContainerItemProxy section */
		9A5CA7B9290A018200C6FD0D /* PBXContainerItemProxy */ = {
			isa = PBXContainerItemProxy;
			containerPortal = 9A5CA79A290A018000C6FD0D /* Project object */;
			proxyType = 1;
			remoteGlobalIDString = 9A5CA7A1290A018000C6FD0D;
			remoteInfo = eMovie;
		};
/* End PBXContainerItemProxy section */

/* Begin PBXFileReference section */
		68EA1CE646406BF4545B43B2 /* Pods_eMovieTests.framework */ = {isa = PBXFileReference; explicitFileType = wrapper.framework; includeInIndex = 0; path = Pods_eMovieTests.framework; sourceTree = BUILT_PRODUCTS_DIR; };
		94CE7B3B00885232D00FCC84 /* Pods-eMovie.release.xcconfig */ = {isa = PBXFileReference; includeInIndex = 1; lastKnownFileType = text.xcconfig; name = "Pods-eMovie.release.xcconfig"; path = "Target Support Files/Pods-eMovie/Pods-eMovie.release.xcconfig"; sourceTree = "<group>"; };
		9A1AECCB2922CA9A00619687 /* MockDetailView.swift */ = {isa = PBXFileReference; lastKnownFileType = sourcecode.swift; name = MockDetailView.swift; path = eMovieTests/Home/MockDetailView.swift; sourceTree = SOURCE_ROOT; };
		9A1AECCD2922CAB600619687 /* MockDetailInteractor.swift */ = {isa = PBXFileReference; lastKnownFileType = sourcecode.swift; name = MockDetailInteractor.swift; path = eMovieTests/Home/MockDetailInteractor.swift; sourceTree = SOURCE_ROOT; };
		9A1D1E1F2911675700E286AE /* MockHomeInteractor.swift */ = {isa = PBXFileReference; lastKnownFileType = sourcecode.swift; path = MockHomeInteractor.swift; sourceTree = "<group>"; };
		9A1D1E222911696500E286AE /* MockHomeView.swift */ = {isa = PBXFileReference; lastKnownFileType = sourcecode.swift; path = MockHomeView.swift; sourceTree = "<group>"; };
		9A1D1E2429116C7600E286AE /* HomeRouter.swift */ = {isa = PBXFileReference; lastKnownFileType = sourcecode.swift; path = HomeRouter.swift; sourceTree = "<group>"; };
		9A1D1E2629116FD100E286AE /* MovieDetailRouter.swift */ = {isa = PBXFileReference; lastKnownFileType = sourcecode.swift; path = MovieDetailRouter.swift; sourceTree = "<group>"; };
		9A1D1E2A291174D400E286AE /* MovieDetailInteractor.swift */ = {isa = PBXFileReference; lastKnownFileType = sourcecode.swift; path = MovieDetailInteractor.swift; sourceTree = "<group>"; };
		9A1D1E2C2911837900E286AE /* MockHomeRouter.swift */ = {isa = PBXFileReference; lastKnownFileType = sourcecode.swift; path = MockHomeRouter.swift; sourceTree = "<group>"; };
		9A3569BD29207DA600C6E6A2 /* HomeViewControllerTests.swift */ = {isa = PBXFileReference; lastKnownFileType = sourcecode.swift; path = HomeViewControllerTests.swift; sourceTree = "<group>"; };
		9A3B795229153792009268A7 /* LoginViewController.swift */ = {isa = PBXFileReference; lastKnownFileType = sourcecode.swift; path = LoginViewController.swift; sourceTree = "<group>"; };
		9A3B795329153792009268A7 /* LoginViewController.xib */ = {isa = PBXFileReference; lastKnownFileType = file.xib; path = LoginViewController.xib; sourceTree = "<group>"; };
		9A3B7956291537A0009268A7 /* LoginPresenter.swift */ = {isa = PBXFileReference; lastKnownFileType = sourcecode.swift; path = LoginPresenter.swift; sourceTree = "<group>"; };
		9A3B7958291537AA009268A7 /* LoginInteractor.swift */ = {isa = PBXFileReference; lastKnownFileType = sourcecode.swift; path = LoginInteractor.swift; sourceTree = "<group>"; };
		9A3B795A291537B2009268A7 /* LoginRouter.swift */ = {isa = PBXFileReference; lastKnownFileType = sourcecode.swift; path = LoginRouter.swift; sourceTree = "<group>"; };
		9A3B795D29169BC8009268A7 /* TabBarController.swift */ = {isa = PBXFileReference; lastKnownFileType = sourcecode.swift; path = TabBarController.swift; sourceTree = "<group>"; };
		9A3B795F29169C76009268A7 /* TabBarRouter.swift */ = {isa = PBXFileReference; lastKnownFileType = sourcecode.swift; path = TabBarRouter.swift; sourceTree = "<group>"; };
		9A3B79612916A35E009268A7 /* ProfilePresenter.swift */ = {isa = PBXFileReference; lastKnownFileType = sourcecode.swift; path = ProfilePresenter.swift; sourceTree = "<group>"; };
		9A3B79632916A36B009268A7 /* ProfileRouter.swift */ = {isa = PBXFileReference; lastKnownFileType = sourcecode.swift; path = ProfileRouter.swift; sourceTree = "<group>"; };
		9A3B79652916A376009268A7 /* ProfileInteractor.swift */ = {isa = PBXFileReference; lastKnownFileType = sourcecode.swift; path = ProfileInteractor.swift; sourceTree = "<group>"; };
		9A3B79672916B6B4009268A7 /* Login.swift */ = {isa = PBXFileReference; lastKnownFileType = sourcecode.swift; path = Login.swift; sourceTree = "<group>"; };
		9A3B79692916B6F9009268A7 /* SessionToken.swift */ = {isa = PBXFileReference; lastKnownFileType = sourcecode.swift; path = SessionToken.swift; sourceTree = "<group>"; };
		9A3B796B2916B726009268A7 /* Account.swift */ = {isa = PBXFileReference; lastKnownFileType = sourcecode.swift; path = Account.swift; sourceTree = "<group>"; };
		9A3B79702916EBA8009268A7 /* LoginTextfield.swift */ = {isa = PBXFileReference; lastKnownFileType = sourcecode.swift; path = LoginTextfield.swift; sourceTree = "<group>"; };
		9A3B79722916ED58009268A7 /* LoginButton.swift */ = {isa = PBXFileReference; lastKnownFileType = sourcecode.swift; path = LoginButton.swift; sourceTree = "<group>"; };
		9A3B79742916FFA9009268A7 /* ApiResponseError.swift */ = {isa = PBXFileReference; lastKnownFileType = sourcecode.swift; path = ApiResponseError.swift; sourceTree = "<group>"; };
		9A3B797629170023009268A7 /* CoreHTTPClient.swift */ = {isa = PBXFileReference; lastKnownFileType = sourcecode.swift; path = CoreHTTPClient.swift; sourceTree = "<group>"; };
		9A3B797929170116009268A7 /* MarkFavoriteRequest.swift */ = {isa = PBXFileReference; lastKnownFileType = sourcecode.swift; path = MarkFavoriteRequest.swift; sourceTree = "<group>"; };
		9A3B797B29170B79009268A7 /* HomeCollectionBuilder.swift */ = {isa = PBXFileReference; lastKnownFileType = sourcecode.swift; path = HomeCollectionBuilder.swift; sourceTree = "<group>"; };
		9A5CA7A2290A018000C6FD0D /* eMovie.app */ = {isa = PBXFileReference; explicitFileType = wrapper.application; includeInIndex = 0; path = eMovie.app; sourceTree = BUILT_PRODUCTS_DIR; };
		9A5CA7A5290A018000C6FD0D /* AppDelegate.swift */ = {isa = PBXFileReference; lastKnownFileType = sourcecode.swift; path = AppDelegate.swift; sourceTree = "<group>"; };
		9A5CA7A7290A018000C6FD0D /* SceneDelegate.swift */ = {isa = PBXFileReference; lastKnownFileType = sourcecode.swift; path = SceneDelegate.swift; sourceTree = "<group>"; };
		9A5CA7AC290A018000C6FD0D /* Base */ = {isa = PBXFileReference; lastKnownFileType = file.storyboard; name = Base; path = Base.lproj/Main.storyboard; sourceTree = "<group>"; };
		9A5CA7AE290A018200C6FD0D /* Assets.xcassets */ = {isa = PBXFileReference; lastKnownFileType = folder.assetcatalog; path = Assets.xcassets; sourceTree = "<group>"; };
		9A5CA7B1290A018200C6FD0D /* Base */ = {isa = PBXFileReference; lastKnownFileType = file.storyboard; name = Base; path = Base.lproj/LaunchScreen.storyboard; sourceTree = "<group>"; };
		9A5CA7B3290A018200C6FD0D /* Info.plist */ = {isa = PBXFileReference; lastKnownFileType = text.plist.xml; path = Info.plist; sourceTree = "<group>"; };
		9A5CA7B8290A018200C6FD0D /* eMovieTests.xctest */ = {isa = PBXFileReference; explicitFileType = wrapper.cfbundle; includeInIndex = 0; path = eMovieTests.xctest; sourceTree = BUILT_PRODUCTS_DIR; };
		9A5CA7C6290A018200C6FD0D /* eMovieUITests.swift */ = {isa = PBXFileReference; lastKnownFileType = sourcecode.swift; path = eMovieUITests.swift; sourceTree = "<group>"; };
		9A5CA7C8290A018200C6FD0D /* eMovieUITestsLaunchTests.swift */ = {isa = PBXFileReference; lastKnownFileType = sourcecode.swift; path = eMovieUITestsLaunchTests.swift; sourceTree = "<group>"; };
		9A5CA7DC290A030300C6FD0D /* HomeViewController.swift */ = {isa = PBXFileReference; lastKnownFileType = sourcecode.swift; path = HomeViewController.swift; sourceTree = "<group>"; };
		9A5CA7DD290A030300C6FD0D /* HomeViewController.xib */ = {isa = PBXFileReference; lastKnownFileType = file.xib; path = HomeViewController.xib; sourceTree = "<group>"; };
		9A5CA7E5290A0B9A00C6FD0D /* UIView+Extension.swift */ = {isa = PBXFileReference; fileEncoding = 4; lastKnownFileType = sourcecode.swift; path = "UIView+Extension.swift"; sourceTree = "<group>"; };
		9A5CA7E9290A0D3200C6FD0D /* Movie.swift */ = {isa = PBXFileReference; lastKnownFileType = sourcecode.swift; path = Movie.swift; sourceTree = "<group>"; };
		9A5CA7EB290A10F800C6FD0D /* MovieCollectionViewCell.swift */ = {isa = PBXFileReference; lastKnownFileType = sourcecode.swift; path = MovieCollectionViewCell.swift; sourceTree = "<group>"; };
		9A5CA7EC290A10F800C6FD0D /* MovieCollectionViewCell.xib */ = {isa = PBXFileReference; lastKnownFileType = file.xib; path = MovieCollectionViewCell.xib; sourceTree = "<group>"; };
		9A5CA7EF290AB84F00C6FD0D /* HTTPClient.swift */ = {isa = PBXFileReference; lastKnownFileType = sourcecode.swift; path = HTTPClient.swift; sourceTree = "<group>"; };
		9A5CA7F1290ABA9B00C6FD0D /* HomePresenter.swift */ = {isa = PBXFileReference; lastKnownFileType = sourcecode.swift; path = HomePresenter.swift; sourceTree = "<group>"; };
		9A5CA7F6290AD50900C6FD0D /* SectionHeaderView.swift */ = {isa = PBXFileReference; lastKnownFileType = sourcecode.swift; path = SectionHeaderView.swift; sourceTree = "<group>"; };
		9A5EEAEC29244B450022F324 /* GetProvidersProcess.swift */ = {isa = PBXFileReference; lastKnownFileType = sourcecode.swift; path = GetProvidersProcess.swift; sourceTree = "<group>"; };
		9A77B8EE290D5AB7003EEE36 /* NetworkStatusHandler.swift */ = {isa = PBXFileReference; lastKnownFileType = sourcecode.swift; path = NetworkStatusHandler.swift; sourceTree = "<group>"; };
		9A77B8F1290D99C9003EEE36 /* HomePresenterTests.swift */ = {isa = PBXFileReference; lastKnownFileType = sourcecode.swift; path = HomePresenterTests.swift; sourceTree = "<group>"; };
		9A77B8F3290DE8F8003EEE36 /* movies.json */ = {isa = PBXFileReference; lastKnownFileType = text.json; path = movies.json; sourceTree = "<group>"; };
		9A9C79E1291D8F1E0019BF99 /* StartOnboardingViewController.swift */ = {isa = PBXFileReference; lastKnownFileType = sourcecode.swift; path = StartOnboardingViewController.swift; sourceTree = "<group>"; };
		9A9C79E2291D8F1E0019BF99 /* StartOnboardingViewController.xib */ = {isa = PBXFileReference; lastKnownFileType = file.xib; path = StartOnboardingViewController.xib; sourceTree = "<group>"; };
		9A9C79E5291D8F340019BF99 /* StartOnboardingPresenter.swift */ = {isa = PBXFileReference; lastKnownFileType = sourcecode.swift; path = StartOnboardingPresenter.swift; sourceTree = "<group>"; };
		9A9C79E7291D8F3F0019BF99 /* StartOnboardingRouter.swift */ = {isa = PBXFileReference; lastKnownFileType = sourcecode.swift; path = StartOnboardingRouter.swift; sourceTree = "<group>"; };
		9A9E043629149BF800C11AF4 /* RequesToken.swift */ = {isa = PBXFileReference; lastKnownFileType = sourcecode.swift; path = RequesToken.swift; sourceTree = "<group>"; };
		9A9E043929149DB500C11AF4 /* ProfileViewController.swift */ = {isa = PBXFileReference; lastKnownFileType = sourcecode.swift; path = ProfileViewController.swift; sourceTree = "<group>"; };
		9A9E043A29149DB500C11AF4 /* ProfileViewController.xib */ = {isa = PBXFileReference; lastKnownFileType = file.xib; path = ProfileViewController.xib; sourceTree = "<group>"; };
		9AA26DA0290B211300C3B2DD /* RecommendedHeaderView.swift */ = {isa = PBXFileReference; lastKnownFileType = sourcecode.swift; path = RecommendedHeaderView.swift; sourceTree = "<group>"; };
		9AA9B0F82917FD1A00009888 /* MovieSearchResultTableCell.swift */ = {isa = PBXFileReference; lastKnownFileType = sourcecode.swift; path = MovieSearchResultTableCell.swift; sourceTree = "<group>"; };
		9AA9B0F92917FD1A00009888 /* MovieSearchResultTableCell.xib */ = {isa = PBXFileReference; lastKnownFileType = file.xib; path = MovieSearchResultTableCell.xib; sourceTree = "<group>"; };
		9AA9B0FC29183E8A00009888 /* UISearchBar+Extension.swift */ = {isa = PBXFileReference; lastKnownFileType = sourcecode.swift; path = "UISearchBar+Extension.swift"; sourceTree = "<group>"; };
		9AA9B0FE29183F3800009888 /* MovieProviderClient.swift */ = {isa = PBXFileReference; lastKnownFileType = sourcecode.swift; path = MovieProviderClient.swift; sourceTree = "<group>"; };
		9AA9B10029188D7200009888 /* PlataformProviderView.swift */ = {isa = PBXFileReference; lastKnownFileType = sourcecode.swift; path = PlataformProviderView.swift; sourceTree = "<group>"; };
		9AAC44A5291759EC00266847 /* SearchViewController.swift */ = {isa = PBXFileReference; lastKnownFileType = sourcecode.swift; path = SearchViewController.swift; sourceTree = "<group>"; };
		9AAC44A6291759EC00266847 /* SearchViewController.xib */ = {isa = PBXFileReference; lastKnownFileType = file.xib; path = SearchViewController.xib; sourceTree = "<group>"; };
		9AAC44A929175A0E00266847 /* SearchRouter.swift */ = {isa = PBXFileReference; lastKnownFileType = sourcecode.swift; path = SearchRouter.swift; sourceTree = "<group>"; };
		9AAC44AB29175A9200266847 /* SearchInteractor.swift */ = {isa = PBXFileReference; lastKnownFileType = sourcecode.swift; path = SearchInteractor.swift; sourceTree = "<group>"; };
		9AAC44AD29175B7500266847 /* SearchPresenter.swift */ = {isa = PBXFileReference; lastKnownFileType = sourcecode.swift; path = SearchPresenter.swift; sourceTree = "<group>"; };
		9AAF79D3291C70A800041612 /* RecommendedMovieCollectionViewCell.swift */ = {isa = PBXFileReference; lastKnownFileType = sourcecode.swift; path = RecommendedMovieCollectionViewCell.swift; sourceTree = "<group>"; };
		9AAF79D4291C70A800041612 /* RecommendedMovieCollectionViewCell.xib */ = {isa = PBXFileReference; lastKnownFileType = file.xib; path = RecommendedMovieCollectionViewCell.xib; sourceTree = "<group>"; };
		9AAFB5C629100B7A00DBD790 /* HomeInteractor.swift */ = {isa = PBXFileReference; lastKnownFileType = sourcecode.swift; path = HomeInteractor.swift; sourceTree = "<group>"; };
		9AB49953290C0E9D0084B7CC /* MovieDetailViewController.swift */ = {isa = PBXFileReference; lastKnownFileType = sourcecode.swift; path = MovieDetailViewController.swift; sourceTree = "<group>"; };
		9AB49954290C0E9D0084B7CC /* MovieDetailViewController.xib */ = {isa = PBXFileReference; lastKnownFileType = file.xib; path = MovieDetailViewController.xib; sourceTree = "<group>"; };
		9AB49957290C11750084B7CC /* MovieDetailPresenter.swift */ = {isa = PBXFileReference; lastKnownFileType = sourcecode.swift; path = MovieDetailPresenter.swift; sourceTree = "<group>"; };
		9AB49959290C19C40084B7CC /* MovieDetail.swift */ = {isa = PBXFileReference; lastKnownFileType = sourcecode.swift; path = MovieDetail.swift; sourceTree = "<group>"; };
		9AB4995B290C4C8E0084B7CC /* Video.swift */ = {isa = PBXFileReference; lastKnownFileType = sourcecode.swift; path = Video.swift; sourceTree = "<group>"; };
		9AF26A63292145DB00BB9071 /* MovieDetailPresenterTests.swift */ = {isa = PBXFileReference; lastKnownFileType = sourcecode.swift; name = MovieDetailPresenterTests.swift; path = eMovieTests/Home/MovieDetailPresenterTests.swift; sourceTree = SOURCE_ROOT; };
		B2BF3654B1CB231D5CB4EA25 /* Pods_eMovie.framework */ = {isa = PBXFileReference; explicitFileType = wrapper.framework; includeInIndex = 0; path = Pods_eMovie.framework; sourceTree = BUILT_PRODUCTS_DIR; };
		E18736CE128AF51AB20EFD2E /* Pods-eMovieTests.release.xcconfig */ = {isa = PBXFileReference; includeInIndex = 1; lastKnownFileType = text.xcconfig; name = "Pods-eMovieTests.release.xcconfig"; path = "Target Support Files/Pods-eMovieTests/Pods-eMovieTests.release.xcconfig"; sourceTree = "<group>"; };
		EFD4F62C10578EEB67366E5F /* Pods-eMovie.debug.xcconfig */ = {isa = PBXFileReference; includeInIndex = 1; lastKnownFileType = text.xcconfig; name = "Pods-eMovie.debug.xcconfig"; path = "Target Support Files/Pods-eMovie/Pods-eMovie.debug.xcconfig"; sourceTree = "<group>"; };
		FBA95321D5E0FE988D2A2F8B /* Pods-eMovieTests.debug.xcconfig */ = {isa = PBXFileReference; includeInIndex = 1; lastKnownFileType = text.xcconfig; name = "Pods-eMovieTests.debug.xcconfig"; path = "Target Support Files/Pods-eMovieTests/Pods-eMovieTests.debug.xcconfig"; sourceTree = "<group>"; };
/* End PBXFileReference section */

/* Begin PBXFrameworksBuildPhase section */
		9A5CA79F290A018000C6FD0D /* Frameworks */ = {
			isa = PBXFrameworksBuildPhase;
			buildActionMask = 2147483647;
			files = (
				6C11287B53C63B0CDF246C7D /* Pods_eMovie.framework in Frameworks */,
			);
			runOnlyForDeploymentPostprocessing = 0;
		};
		9A5CA7B5290A018200C6FD0D /* Frameworks */ = {
			isa = PBXFrameworksBuildPhase;
			buildActionMask = 2147483647;
			files = (
				A0F1781D9B85C9D47E1F77A9 /* Pods_eMovieTests.framework in Frameworks */,
			);
			runOnlyForDeploymentPostprocessing = 0;
		};
/* End PBXFrameworksBuildPhase section */

/* Begin PBXGroup section */
		69FC8F1CE1627F792570053D /* Pods */ = {
			isa = PBXGroup;
			children = (
				EFD4F62C10578EEB67366E5F /* Pods-eMovie.debug.xcconfig */,
				94CE7B3B00885232D00FCC84 /* Pods-eMovie.release.xcconfig */,
				FBA95321D5E0FE988D2A2F8B /* Pods-eMovieTests.debug.xcconfig */,
				E18736CE128AF51AB20EFD2E /* Pods-eMovieTests.release.xcconfig */,
			);
			path = Pods;
			sourceTree = "<group>";
		};
		6C0BF5E2EDE3D03FBF2C91E1 /* Frameworks */ = {
			isa = PBXGroup;
			children = (
				B2BF3654B1CB231D5CB4EA25 /* Pods_eMovie.framework */,
				68EA1CE646406BF4545B43B2 /* Pods_eMovieTests.framework */,
			);
			name = Frameworks;
			sourceTree = "<group>";
		};
		9A1D1E212911695900E286AE /* Mocks */ = {
			isa = PBXGroup;
			children = (
				9A77B8F3290DE8F8003EEE36 /* movies.json */,
				9A1D1E1F2911675700E286AE /* MockHomeInteractor.swift */,
				9A1D1E222911696500E286AE /* MockHomeView.swift */,
				9A1D1E2C2911837900E286AE /* MockHomeRouter.swift */,
			);
			path = Mocks;
			sourceTree = "<group>";
		};
		9A1D1E28291173AD00E286AE /* HomeView */ = {
			isa = PBXGroup;
			children = (
				9A5CA7DC290A030300C6FD0D /* HomeViewController.swift */,
				9A5CA7DD290A030300C6FD0D /* HomeViewController.xib */,
				9A3B797B29170B79009268A7 /* HomeCollectionBuilder.swift */,
			);
			path = HomeView;
			sourceTree = "<group>";
		};
		9A1D1E29291174A100E286AE /* DetailView */ = {
			isa = PBXGroup;
			children = (
				9AB49953290C0E9D0084B7CC /* MovieDetailViewController.swift */,
				9AB49954290C0E9D0084B7CC /* MovieDetailViewController.xib */,
				9AA9B10029188D7200009888 /* PlataformProviderView.swift */,
			);
			path = DetailView;
			sourceTree = "<group>";
		};
		9A3B795129153781009268A7 /* Login */ = {
			isa = PBXGroup;
			children = (
				9A3B796F2916EB7D009268A7 /* Views */,
				9A3B795229153792009268A7 /* LoginViewController.swift */,
				9A3B795329153792009268A7 /* LoginViewController.xib */,
				9A3B7956291537A0009268A7 /* LoginPresenter.swift */,
				9A3B7958291537AA009268A7 /* LoginInteractor.swift */,
				9A3B795A291537B2009268A7 /* LoginRouter.swift */,
			);
			path = Login;
			sourceTree = "<group>";
		};
		9A3B795C29169B80009268A7 /* TabBar */ = {
			isa = PBXGroup;
			children = (
				9A3B795D29169BC8009268A7 /* TabBarController.swift */,
				9A3B795F29169C76009268A7 /* TabBarRouter.swift */,
			);
			path = TabBar;
			sourceTree = "<group>";
		};
		9A3B796F2916EB7D009268A7 /* Views */ = {
			isa = PBXGroup;
			children = (
				9A3B79702916EBA8009268A7 /* LoginTextfield.swift */,
				9A3B79722916ED58009268A7 /* LoginButton.swift */,
			);
			path = Views;
			sourceTree = "<group>";
		};
		9A5CA799290A018000C6FD0D = {
			isa = PBXGroup;
			children = (
				9A5CA7A4290A018000C6FD0D /* eMovie */,
				9A5CA7BB290A018200C6FD0D /* eMovieTests */,
				9A5CA7C5290A018200C6FD0D /* eMovieUITests */,
				9A5CA7A3290A018000C6FD0D /* Products */,
				69FC8F1CE1627F792570053D /* Pods */,
				6C0BF5E2EDE3D03FBF2C91E1 /* Frameworks */,
			);
			sourceTree = "<group>";
		};
		9A5CA7A3290A018000C6FD0D /* Products */ = {
			isa = PBXGroup;
			children = (
				9A5CA7A2290A018000C6FD0D /* eMovie.app */,
				9A5CA7B8290A018200C6FD0D /* eMovieTests.xctest */,
			);
			name = Products;
			sourceTree = "<group>";
		};
		9A5CA7A4290A018000C6FD0D /* eMovie */ = {
			isa = PBXGroup;
			children = (
				9A9C79E0291D8ED00019BF99 /* Onboarding */,
				9AAC44A4291759D000266847 /* Search */,
				9A3B795C29169B80009268A7 /* TabBar */,
				9A3B795129153781009268A7 /* Login */,
				9A5CA7E8290A0D2600C6FD0D /* Models */,
				9A5CA7E0290A039C00C6FD0D /* Common */,
				9A9E043829149D8D00C11AF4 /* Profile */,
				9AB49952290C0E880084B7CC /* Detail */,
				9A5CA7DA290A01F900C6FD0D /* Home */,
				9A5CA7A5290A018000C6FD0D /* AppDelegate.swift */,
				9A5CA7A7290A018000C6FD0D /* SceneDelegate.swift */,
				9A5CA7AB290A018000C6FD0D /* Main.storyboard */,
				9A5CA7AE290A018200C6FD0D /* Assets.xcassets */,
				9A5CA7B0290A018200C6FD0D /* LaunchScreen.storyboard */,
				9A5CA7B3290A018200C6FD0D /* Info.plist */,
			);
			path = eMovie;
			sourceTree = "<group>";
		};
		9A5CA7BB290A018200C6FD0D /* eMovieTests */ = {
			isa = PBXGroup;
			children = (
				9AAFB5C5290EE44E00DBD790 /* Detail */,
				9A77B8F0290D99B6003EEE36 /* Home */,
			);
			path = eMovieTests;
			sourceTree = "<group>";
		};
		9A5CA7C5290A018200C6FD0D /* eMovieUITests */ = {
			isa = PBXGroup;
			children = (
				9A5CA7C6290A018200C6FD0D /* eMovieUITests.swift */,
				9A5CA7C8290A018200C6FD0D /* eMovieUITestsLaunchTests.swift */,
			);
			path = eMovieUITests;
			sourceTree = "<group>";
		};
		9A5CA7DA290A01F900C6FD0D /* Home */ = {
			isa = PBXGroup;
			children = (
				9A1D1E28291173AD00E286AE /* HomeView */,
				9A5CA7F3290AD45400C6FD0D /* Views */,
				9A5CA7F1290ABA9B00C6FD0D /* HomePresenter.swift */,
				9AAFB5C629100B7A00DBD790 /* HomeInteractor.swift */,
				9A1D1E2429116C7600E286AE /* HomeRouter.swift */,
				9A5EEAEC29244B450022F324 /* GetProvidersProcess.swift */,
			);
			path = Home;
			sourceTree = "<group>";
		};
		9A5CA7E0290A039C00C6FD0D /* Common */ = {
			isa = PBXGroup;
			children = (
				9A5CA7EF290AB84F00C6FD0D /* HTTPClient.swift */,
				9AA9B0FE29183F3800009888 /* MovieProviderClient.swift */,
				9A3B797629170023009268A7 /* CoreHTTPClient.swift */,
				9A5CA7E5290A0B9A00C6FD0D /* UIView+Extension.swift */,
				9A77B8EE290D5AB7003EEE36 /* NetworkStatusHandler.swift */,
			);
			path = Common;
			sourceTree = "<group>";
		};
		9A5CA7E8290A0D2600C6FD0D /* Models */ = {
			isa = PBXGroup;
			children = (
				9A5CA7E9290A0D3200C6FD0D /* Movie.swift */,
				9AB49959290C19C40084B7CC /* MovieDetail.swift */,
				9AB4995B290C4C8E0084B7CC /* Video.swift */,
				9A9E043629149BF800C11AF4 /* RequesToken.swift */,
				9A3B79672916B6B4009268A7 /* Login.swift */,
				9A3B79692916B6F9009268A7 /* SessionToken.swift */,
				9A3B796B2916B726009268A7 /* Account.swift */,
				9A3B79742916FFA9009268A7 /* ApiResponseError.swift */,
				9A3B797929170116009268A7 /* MarkFavoriteRequest.swift */,
			);
			path = Models;
			sourceTree = "<group>";
		};
		9A5CA7F3290AD45400C6FD0D /* Views */ = {
			isa = PBXGroup;
			children = (
				9A5CA7EB290A10F800C6FD0D /* MovieCollectionViewCell.swift */,
				9A5CA7EC290A10F800C6FD0D /* MovieCollectionViewCell.xib */,
				9A5CA7F6290AD50900C6FD0D /* SectionHeaderView.swift */,
				9AA26DA0290B211300C3B2DD /* RecommendedHeaderView.swift */,
				9AAF79D3291C70A800041612 /* RecommendedMovieCollectionViewCell.swift */,
				9AAF79D4291C70A800041612 /* RecommendedMovieCollectionViewCell.xib */,
			);
			path = Views;
			sourceTree = "<group>";
		};
		9A77B8F0290D99B6003EEE36 /* Home */ = {
			isa = PBXGroup;
			children = (
				9A1D1E212911695900E286AE /* Mocks */,
				9A77B8F1290D99C9003EEE36 /* HomePresenterTests.swift */,
				9A3569BD29207DA600C6E6A2 /* HomeViewControllerTests.swift */,
			);
			path = Home;
			sourceTree = "<group>";
		};
		9A9C79E0291D8ED00019BF99 /* Onboarding */ = {
			isa = PBXGroup;
			children = (
				9A9C79E2291D8F1E0019BF99 /* StartOnboardingViewController.xib */,
				9A9C79E1291D8F1E0019BF99 /* StartOnboardingViewController.swift */,
				9A9C79E5291D8F340019BF99 /* StartOnboardingPresenter.swift */,
				9A9C79E7291D8F3F0019BF99 /* StartOnboardingRouter.swift */,
			);
			path = Onboarding;
			sourceTree = "<group>";
		};
		9A9E043829149D8D00C11AF4 /* Profile */ = {
			isa = PBXGroup;
			children = (
				9A9E043A29149DB500C11AF4 /* ProfileViewController.xib */,
				9A9E043929149DB500C11AF4 /* ProfileViewController.swift */,
				9A3B79612916A35E009268A7 /* ProfilePresenter.swift */,
				9A3B79632916A36B009268A7 /* ProfileRouter.swift */,
				9A3B79652916A376009268A7 /* ProfileInteractor.swift */,
			);
			path = Profile;
			sourceTree = "<group>";
		};
		9AA9B0F72917FCEE00009888 /* Cells */ = {
			isa = PBXGroup;
			children = (
				9AA9B0F82917FD1A00009888 /* MovieSearchResultTableCell.swift */,
				9AA9B0F92917FD1A00009888 /* MovieSearchResultTableCell.xib */,
			);
			path = Cells;
			sourceTree = "<group>";
		};
		9AAC44A4291759D000266847 /* Search */ = {
			isa = PBXGroup;
			children = (
				9AA9B0F72917FCEE00009888 /* Cells */,
				9AAC44A5291759EC00266847 /* SearchViewController.swift */,
				9AAC44A6291759EC00266847 /* SearchViewController.xib */,
				9AAC44A929175A0E00266847 /* SearchRouter.swift */,
				9AAC44AB29175A9200266847 /* SearchInteractor.swift */,
				9AAC44AD29175B7500266847 /* SearchPresenter.swift */,
				9AA9B0FC29183E8A00009888 /* UISearchBar+Extension.swift */,
			);
			path = Search;
			sourceTree = "<group>";
		};
		9AAFB5C5290EE44E00DBD790 /* Detail */ = {
			isa = PBXGroup;
			children = (
				9AF26A63292145DB00BB9071 /* MovieDetailPresenterTests.swift */,
				9A1AECCB2922CA9A00619687 /* MockDetailView.swift */,
				9A1AECCD2922CAB600619687 /* MockDetailInteractor.swift */,
			);
			path = Detail;
			sourceTree = "<group>";
		};
		9AB49952290C0E880084B7CC /* Detail */ = {
			isa = PBXGroup;
			children = (
				9A1D1E29291174A100E286AE /* DetailView */,
				9AB49957290C11750084B7CC /* MovieDetailPresenter.swift */,
				9A1D1E2629116FD100E286AE /* MovieDetailRouter.swift */,
				9A1D1E2A291174D400E286AE /* MovieDetailInteractor.swift */,
			);
			path = Detail;
			sourceTree = "<group>";
		};
/* End PBXGroup section */

/* Begin PBXNativeTarget section */
		9A5CA7A1290A018000C6FD0D /* eMovie */ = {
			isa = PBXNativeTarget;
			buildConfigurationList = 9A5CA7CC290A018200C6FD0D /* Build configuration list for PBXNativeTarget "eMovie" */;
			buildPhases = (
				B32E1F2D858679AF132E91FB /* [CP] Check Pods Manifest.lock */,
				9A5CA79E290A018000C6FD0D /* Sources */,
				9A5CA79F290A018000C6FD0D /* Frameworks */,
				9A5CA7A0290A018000C6FD0D /* Resources */,
				77E1ABFFFCB4240D29244CF3 /* [CP] Embed Pods Frameworks */,
			);
			buildRules = (
			);
			dependencies = (
			);
			name = eMovie;
			productName = eMovie;
			productReference = 9A5CA7A2290A018000C6FD0D /* eMovie.app */;
			productType = "com.apple.product-type.application";
		};
		9A5CA7B7290A018200C6FD0D /* eMovieTests */ = {
			isa = PBXNativeTarget;
			buildConfigurationList = 9A5CA7CF290A018200C6FD0D /* Build configuration list for PBXNativeTarget "eMovieTests" */;
			buildPhases = (
				688AE317819D0F32432F3DF6 /* [CP] Check Pods Manifest.lock */,
				9A5CA7B4290A018200C6FD0D /* Sources */,
				9A5CA7B5290A018200C6FD0D /* Frameworks */,
				9A5CA7B6290A018200C6FD0D /* Resources */,
			);
			buildRules = (
			);
			dependencies = (
				9A5CA7BA290A018200C6FD0D /* PBXTargetDependency */,
			);
			name = eMovieTests;
			productName = eMovieTests;
			productReference = 9A5CA7B8290A018200C6FD0D /* eMovieTests.xctest */;
			productType = "com.apple.product-type.bundle.unit-test";
		};
/* End PBXNativeTarget section */

/* Begin PBXProject section */
		9A5CA79A290A018000C6FD0D /* Project object */ = {
			isa = PBXProject;
			attributes = {
				BuildIndependentTargetsInParallel = 1;
				LastSwiftUpdateCheck = 1400;
				LastUpgradeCheck = 1400;
				TargetAttributes = {
					9A5CA7A1290A018000C6FD0D = {
						CreatedOnToolsVersion = 14.0.1;
					};
					9A5CA7B7290A018200C6FD0D = {
						CreatedOnToolsVersion = 14.0.1;
						TestTargetID = 9A5CA7A1290A018000C6FD0D;
					};
				};
			};
			buildConfigurationList = 9A5CA79D290A018000C6FD0D /* Build configuration list for PBXProject "eMovie" */;
			compatibilityVersion = "Xcode 14.0";
			developmentRegion = en;
			hasScannedForEncodings = 0;
			knownRegions = (
				en,
				Base,
			);
			mainGroup = 9A5CA799290A018000C6FD0D;
			productRefGroup = 9A5CA7A3290A018000C6FD0D /* Products */;
			projectDirPath = "";
			projectRoot = "";
			targets = (
				9A5CA7A1290A018000C6FD0D /* eMovie */,
				9A5CA7B7290A018200C6FD0D /* eMovieTests */,
			);
		};
/* End PBXProject section */

/* Begin PBXResourcesBuildPhase section */
		9A5CA7A0290A018000C6FD0D /* Resources */ = {
			isa = PBXResourcesBuildPhase;
			buildActionMask = 2147483647;
			files = (
				9A5CA7B2290A018200C6FD0D /* LaunchScreen.storyboard in Resources */,
				9A5CA7AF290A018200C6FD0D /* Assets.xcassets in Resources */,
				9A9E043C29149DB500C11AF4 /* ProfileViewController.xib in Resources */,
				9AB49956290C0E9D0084B7CC /* MovieDetailViewController.xib in Resources */,
				9AA9B0FB2917FD1A00009888 /* MovieSearchResultTableCell.xib in Resources */,
				9A5CA7DF290A030300C6FD0D /* HomeViewController.xib in Resources */,
				9A9C79E4291D8F1E0019BF99 /* StartOnboardingViewController.xib in Resources */,
				9AAC44A8291759EC00266847 /* SearchViewController.xib in Resources */,
				9A5CA7AD290A018000C6FD0D /* Main.storyboard in Resources */,
				9AAF79D6291C70A800041612 /* RecommendedMovieCollectionViewCell.xib in Resources */,
				9A5CA7EE290A10F800C6FD0D /* MovieCollectionViewCell.xib in Resources */,
				9A3B795529153792009268A7 /* LoginViewController.xib in Resources */,
			);
			runOnlyForDeploymentPostprocessing = 0;
		};
		9A5CA7B6290A018200C6FD0D /* Resources */ = {
			isa = PBXResourcesBuildPhase;
			buildActionMask = 2147483647;
			files = (
				9A77B8F4290DE8F8003EEE36 /* movies.json in Resources */,
			);
			runOnlyForDeploymentPostprocessing = 0;
		};
/* End PBXResourcesBuildPhase section */

/* Begin PBXShellScriptBuildPhase section */
		688AE317819D0F32432F3DF6 /* [CP] Check Pods Manifest.lock */ = {
			isa = PBXShellScriptBuildPhase;
			buildActionMask = 2147483647;
			files = (
			);
			inputFileListPaths = (
			);
			inputPaths = (
				"${PODS_PODFILE_DIR_PATH}/Podfile.lock",
				"${PODS_ROOT}/Manifest.lock",
			);
			name = "[CP] Check Pods Manifest.lock";
			outputFileListPaths = (
			);
			outputPaths = (
				"$(DERIVED_FILE_DIR)/Pods-eMovieTests-checkManifestLockResult.txt",
			);
			runOnlyForDeploymentPostprocessing = 0;
			shellPath = /bin/sh;
			shellScript = "diff \"${PODS_PODFILE_DIR_PATH}/Podfile.lock\" \"${PODS_ROOT}/Manifest.lock\" > /dev/null\nif [ $? != 0 ] ; then\n    # print error to STDERR\n    echo \"error: The sandbox is not in sync with the Podfile.lock. Run 'pod install' or update your CocoaPods installation.\" >&2\n    exit 1\nfi\n# This output is used by Xcode 'outputs' to avoid re-running this script phase.\necho \"SUCCESS\" > \"${SCRIPT_OUTPUT_FILE_0}\"\n";
			showEnvVarsInLog = 0;
		};
		77E1ABFFFCB4240D29244CF3 /* [CP] Embed Pods Frameworks */ = {
			isa = PBXShellScriptBuildPhase;
			buildActionMask = 2147483647;
			files = (
			);
			inputFileListPaths = (
			);
			name = "[CP] Embed Pods Frameworks";
			outputFileListPaths = (
			);
			runOnlyForDeploymentPostprocessing = 0;
			shellPath = /bin/sh;
			shellScript = "\"${PODS_ROOT}/Target Support Files/Pods-eMovie/Pods-eMovie-frameworks.sh\"\n";
			showEnvVarsInLog = 0;
		};
		B32E1F2D858679AF132E91FB /* [CP] Check Pods Manifest.lock */ = {
			isa = PBXShellScriptBuildPhase;
			buildActionMask = 2147483647;
			files = (
			);
			inputFileListPaths = (
			);
			inputPaths = (
				"${PODS_PODFILE_DIR_PATH}/Podfile.lock",
				"${PODS_ROOT}/Manifest.lock",
			);
			name = "[CP] Check Pods Manifest.lock";
			outputFileListPaths = (
			);
			outputPaths = (
				"$(DERIVED_FILE_DIR)/Pods-eMovie-checkManifestLockResult.txt",
			);
			runOnlyForDeploymentPostprocessing = 0;
			shellPath = /bin/sh;
			shellScript = "diff \"${PODS_PODFILE_DIR_PATH}/Podfile.lock\" \"${PODS_ROOT}/Manifest.lock\" > /dev/null\nif [ $? != 0 ] ; then\n    # print error to STDERR\n    echo \"error: The sandbox is not in sync with the Podfile.lock. Run 'pod install' or update your CocoaPods installation.\" >&2\n    exit 1\nfi\n# This output is used by Xcode 'outputs' to avoid re-running this script phase.\necho \"SUCCESS\" > \"${SCRIPT_OUTPUT_FILE_0}\"\n";
			showEnvVarsInLog = 0;
		};
/* End PBXShellScriptBuildPhase section */

/* Begin PBXSourcesBuildPhase section */
		9A5CA79E290A018000C6FD0D /* Sources */ = {
			isa = PBXSourcesBuildPhase;
			buildActionMask = 2147483647;
			files = (
				9A3B7957291537A0009268A7 /* LoginPresenter.swift in Sources */,
				9AA9B10129188D7200009888 /* PlataformProviderView.swift in Sources */,
				9AB49958290C11750084B7CC /* MovieDetailPresenter.swift in Sources */,
				9A5CA7F7290AD50900C6FD0D /* SectionHeaderView.swift in Sources */,
				9A3B79682916B6B4009268A7 /* Login.swift in Sources */,
				9AA9B0FA2917FD1A00009888 /* MovieSearchResultTableCell.swift in Sources */,
				9A3B79752916FFA9009268A7 /* ApiResponseError.swift in Sources */,
				9A9C79E8291D8F3F0019BF99 /* StartOnboardingRouter.swift in Sources */,
				9A3B7959291537AA009268A7 /* LoginInteractor.swift in Sources */,
				9A5EEAED29244B450022F324 /* GetProvidersProcess.swift in Sources */,
				9AAC44AC29175A9200266847 /* SearchInteractor.swift in Sources */,
				9A5CA7DE290A030300C6FD0D /* HomeViewController.swift in Sources */,
				9A3B795429153792009268A7 /* LoginViewController.swift in Sources */,
				9AAFB5C729100B7A00DBD790 /* HomeInteractor.swift in Sources */,
				9AAC44AA29175A0E00266847 /* SearchRouter.swift in Sources */,
				9AA9B0FF29183F3800009888 /* MovieProviderClient.swift in Sources */,
				9A5CA7E6290A0B9A00C6FD0D /* UIView+Extension.swift in Sources */,
				9AAC44A7291759EC00266847 /* SearchViewController.swift in Sources */,
				9A9E043B29149DB500C11AF4 /* ProfileViewController.swift in Sources */,
				9A5CA7A6290A018000C6FD0D /* AppDelegate.swift in Sources */,
				9A3B79622916A35E009268A7 /* ProfilePresenter.swift in Sources */,
				9AB4995C290C4C8E0084B7CC /* Video.swift in Sources */,
				9A5CA7A8290A018000C6FD0D /* SceneDelegate.swift in Sources */,
				9A1D1E2529116C7600E286AE /* HomeRouter.swift in Sources */,
				9A3B796029169C76009268A7 /* TabBarRouter.swift in Sources */,
				9AB49955290C0E9D0084B7CC /* MovieDetailViewController.swift in Sources */,
				9A3B797A29170116009268A7 /* MarkFavoriteRequest.swift in Sources */,
				9A5CA7F0290AB84F00C6FD0D /* HTTPClient.swift in Sources */,
				9A3B796A2916B6F9009268A7 /* SessionToken.swift in Sources */,
				9A3B795E29169BC8009268A7 /* TabBarController.swift in Sources */,
				9AB4995A290C19C40084B7CC /* MovieDetail.swift in Sources */,
				9AAF79D5291C70A800041612 /* RecommendedMovieCollectionViewCell.swift in Sources */,
				9A5CA7ED290A10F800C6FD0D /* MovieCollectionViewCell.swift in Sources */,
				9A1D1E2B291174D400E286AE /* MovieDetailInteractor.swift in Sources */,
				9AAC44AE29175B7500266847 /* SearchPresenter.swift in Sources */,
				9A3B796C2916B726009268A7 /* Account.swift in Sources */,
				9A5CA7EA290A0D3200C6FD0D /* Movie.swift in Sources */,
				9A3B79662916A376009268A7 /* ProfileInteractor.swift in Sources */,
				9A9C79E6291D8F340019BF99 /* StartOnboardingPresenter.swift in Sources */,
				9A3B79642916A36B009268A7 /* ProfileRouter.swift in Sources */,
				9A9E043729149BF800C11AF4 /* RequesToken.swift in Sources */,
				9A77B8EF290D5AB7003EEE36 /* NetworkStatusHandler.swift in Sources */,
				9AA9B0FD29183E8A00009888 /* UISearchBar+Extension.swift in Sources */,
				9A1D1E2729116FD100E286AE /* MovieDetailRouter.swift in Sources */,
				9A3B79732916ED58009268A7 /* LoginButton.swift in Sources */,
				9A3B797C29170B79009268A7 /* HomeCollectionBuilder.swift in Sources */,
				9A9C79E3291D8F1E0019BF99 /* StartOnboardingViewController.swift in Sources */,
				9A3B797729170023009268A7 /* CoreHTTPClient.swift in Sources */,
				9A5CA7F2290ABA9B00C6FD0D /* HomePresenter.swift in Sources */,
				9A3B79712916EBA8009268A7 /* LoginTextfield.swift in Sources */,
				9A3B795B291537B2009268A7 /* LoginRouter.swift in Sources */,
				9AA26DA1290B211300C3B2DD /* RecommendedHeaderView.swift in Sources */,
			);
			runOnlyForDeploymentPostprocessing = 0;
		};
		9A5CA7B4290A018200C6FD0D /* Sources */ = {
			isa = PBXSourcesBuildPhase;
			buildActionMask = 2147483647;
			files = (
				9A3569BE29207DA600C6E6A2 /* HomeViewControllerTests.swift in Sources */,
				9A77B8F2290D99C9003EEE36 /* HomePresenterTests.swift in Sources */,
				9A1AECCC2922CA9A00619687 /* MockDetailView.swift in Sources */,
				9AF26A64292145DB00BB9071 /* MovieDetailPresenterTests.swift in Sources */,
				9A1D1E202911675700E286AE /* MockHomeInteractor.swift in Sources */,
				9A1AECCE2922CAB600619687 /* MockDetailInteractor.swift in Sources */,
				9A1D1E232911696500E286AE /* MockHomeView.swift in Sources */,
				9A1D1E2D2911837900E286AE /* MockHomeRouter.swift in Sources */,
			);
			runOnlyForDeploymentPostprocessing = 0;
		};
/* End PBXSourcesBuildPhase section */

/* Begin PBXTargetDependency section */
		9A5CA7BA290A018200C6FD0D /* PBXTargetDependency */ = {
			isa = PBXTargetDependency;
			target = 9A5CA7A1290A018000C6FD0D /* eMovie */;
			targetProxy = 9A5CA7B9290A018200C6FD0D /* PBXContainerItemProxy */;
		};
/* End PBXTargetDependency section */

/* Begin PBXVariantGroup section */
		9A5CA7AB290A018000C6FD0D /* Main.storyboard */ = {
			isa = PBXVariantGroup;
			children = (
				9A5CA7AC290A018000C6FD0D /* Base */,
			);
			name = Main.storyboard;
			sourceTree = "<group>";
		};
		9A5CA7B0290A018200C6FD0D /* LaunchScreen.storyboard */ = {
			isa = PBXVariantGroup;
			children = (
				9A5CA7B1290A018200C6FD0D /* Base */,
			);
			name = LaunchScreen.storyboard;
			sourceTree = "<group>";
		};
/* End PBXVariantGroup section */

/* Begin XCBuildConfiguration section */
		9A5CA7CA290A018200C6FD0D /* Debug */ = {
			isa = XCBuildConfiguration;
			buildSettings = {
				ALWAYS_SEARCH_USER_PATHS = NO;
				CLANG_ANALYZER_NONNULL = YES;
				CLANG_ANALYZER_NUMBER_OBJECT_CONVERSION = YES_AGGRESSIVE;
				CLANG_CXX_LANGUAGE_STANDARD = "gnu++20";
				CLANG_ENABLE_MODULES = YES;
				CLANG_ENABLE_OBJC_ARC = YES;
				CLANG_ENABLE_OBJC_WEAK = YES;
				CLANG_WARN_BLOCK_CAPTURE_AUTORELEASING = YES;
				CLANG_WARN_BOOL_CONVERSION = YES;
				CLANG_WARN_COMMA = YES;
				CLANG_WARN_CONSTANT_CONVERSION = YES;
				CLANG_WARN_DEPRECATED_OBJC_IMPLEMENTATIONS = YES;
				CLANG_WARN_DIRECT_OBJC_ISA_USAGE = YES_ERROR;
				CLANG_WARN_DOCUMENTATION_COMMENTS = YES;
				CLANG_WARN_EMPTY_BODY = YES;
				CLANG_WARN_ENUM_CONVERSION = YES;
				CLANG_WARN_INFINITE_RECURSION = YES;
				CLANG_WARN_INT_CONVERSION = YES;
				CLANG_WARN_NON_LITERAL_NULL_CONVERSION = YES;
				CLANG_WARN_OBJC_IMPLICIT_RETAIN_SELF = YES;
				CLANG_WARN_OBJC_LITERAL_CONVERSION = YES;
				CLANG_WARN_OBJC_ROOT_CLASS = YES_ERROR;
				CLANG_WARN_QUOTED_INCLUDE_IN_FRAMEWORK_HEADER = YES;
				CLANG_WARN_RANGE_LOOP_ANALYSIS = YES;
				CLANG_WARN_STRICT_PROTOTYPES = YES;
				CLANG_WARN_SUSPICIOUS_MOVE = YES;
				CLANG_WARN_UNGUARDED_AVAILABILITY = YES_AGGRESSIVE;
				CLANG_WARN_UNREACHABLE_CODE = YES;
				CLANG_WARN__DUPLICATE_METHOD_MATCH = YES;
				COPY_PHASE_STRIP = NO;
				DEBUG_INFORMATION_FORMAT = dwarf;
				ENABLE_STRICT_OBJC_MSGSEND = YES;
				ENABLE_TESTABILITY = YES;
				GCC_C_LANGUAGE_STANDARD = gnu11;
				GCC_DYNAMIC_NO_PIC = NO;
				GCC_NO_COMMON_BLOCKS = YES;
				GCC_OPTIMIZATION_LEVEL = 0;
				GCC_PREPROCESSOR_DEFINITIONS = (
					"DEBUG=1",
					"$(inherited)",
				);
				GCC_WARN_64_TO_32_BIT_CONVERSION = YES;
				GCC_WARN_ABOUT_RETURN_TYPE = YES_ERROR;
				GCC_WARN_UNDECLARED_SELECTOR = YES;
				GCC_WARN_UNINITIALIZED_AUTOS = YES_AGGRESSIVE;
				GCC_WARN_UNUSED_FUNCTION = YES;
				GCC_WARN_UNUSED_VARIABLE = YES;
				IPHONEOS_DEPLOYMENT_TARGET = 16.0;
				MTL_ENABLE_DEBUG_INFO = INCLUDE_SOURCE;
				MTL_FAST_MATH = YES;
				ONLY_ACTIVE_ARCH = YES;
				SDKROOT = iphoneos;
				SWIFT_ACTIVE_COMPILATION_CONDITIONS = DEBUG;
				SWIFT_OPTIMIZATION_LEVEL = "-Onone";
			};
			name = Debug;
		};
		9A5CA7CB290A018200C6FD0D /* Release */ = {
			isa = XCBuildConfiguration;
			buildSettings = {
				ALWAYS_SEARCH_USER_PATHS = NO;
				CLANG_ANALYZER_NONNULL = YES;
				CLANG_ANALYZER_NUMBER_OBJECT_CONVERSION = YES_AGGRESSIVE;
				CLANG_CXX_LANGUAGE_STANDARD = "gnu++20";
				CLANG_ENABLE_MODULES = YES;
				CLANG_ENABLE_OBJC_ARC = YES;
				CLANG_ENABLE_OBJC_WEAK = YES;
				CLANG_WARN_BLOCK_CAPTURE_AUTORELEASING = YES;
				CLANG_WARN_BOOL_CONVERSION = YES;
				CLANG_WARN_COMMA = YES;
				CLANG_WARN_CONSTANT_CONVERSION = YES;
				CLANG_WARN_DEPRECATED_OBJC_IMPLEMENTATIONS = YES;
				CLANG_WARN_DIRECT_OBJC_ISA_USAGE = YES_ERROR;
				CLANG_WARN_DOCUMENTATION_COMMENTS = YES;
				CLANG_WARN_EMPTY_BODY = YES;
				CLANG_WARN_ENUM_CONVERSION = YES;
				CLANG_WARN_INFINITE_RECURSION = YES;
				CLANG_WARN_INT_CONVERSION = YES;
				CLANG_WARN_NON_LITERAL_NULL_CONVERSION = YES;
				CLANG_WARN_OBJC_IMPLICIT_RETAIN_SELF = YES;
				CLANG_WARN_OBJC_LITERAL_CONVERSION = YES;
				CLANG_WARN_OBJC_ROOT_CLASS = YES_ERROR;
				CLANG_WARN_QUOTED_INCLUDE_IN_FRAMEWORK_HEADER = YES;
				CLANG_WARN_RANGE_LOOP_ANALYSIS = YES;
				CLANG_WARN_STRICT_PROTOTYPES = YES;
				CLANG_WARN_SUSPICIOUS_MOVE = YES;
				CLANG_WARN_UNGUARDED_AVAILABILITY = YES_AGGRESSIVE;
				CLANG_WARN_UNREACHABLE_CODE = YES;
				CLANG_WARN__DUPLICATE_METHOD_MATCH = YES;
				COPY_PHASE_STRIP = NO;
				DEBUG_INFORMATION_FORMAT = "dwarf-with-dsym";
				ENABLE_NS_ASSERTIONS = NO;
				ENABLE_STRICT_OBJC_MSGSEND = YES;
				GCC_C_LANGUAGE_STANDARD = gnu11;
				GCC_NO_COMMON_BLOCKS = YES;
				GCC_WARN_64_TO_32_BIT_CONVERSION = YES;
				GCC_WARN_ABOUT_RETURN_TYPE = YES_ERROR;
				GCC_WARN_UNDECLARED_SELECTOR = YES;
				GCC_WARN_UNINITIALIZED_AUTOS = YES_AGGRESSIVE;
				GCC_WARN_UNUSED_FUNCTION = YES;
				GCC_WARN_UNUSED_VARIABLE = YES;
				IPHONEOS_DEPLOYMENT_TARGET = 16.0;
				MTL_ENABLE_DEBUG_INFO = NO;
				MTL_FAST_MATH = YES;
				SDKROOT = iphoneos;
				SWIFT_COMPILATION_MODE = wholemodule;
				SWIFT_OPTIMIZATION_LEVEL = "-O";
				VALIDATE_PRODUCT = YES;
			};
			name = Release;
		};
		9A5CA7CD290A018200C6FD0D /* Debug */ = {
			isa = XCBuildConfiguration;
			baseConfigurationReference = EFD4F62C10578EEB67366E5F /* Pods-eMovie.debug.xcconfig */;
			buildSettings = {
				ASSETCATALOG_COMPILER_APPICON_NAME = AppIcon;
				ASSETCATALOG_COMPILER_GLOBAL_ACCENT_COLOR_NAME = AccentColor;
				CODE_SIGN_IDENTITY = "Apple Development";
				CODE_SIGN_STYLE = Automatic;
				CURRENT_PROJECT_VERSION = 1;
				DEVELOPMENT_TEAM = FW8H8GHAA2;
				GENERATE_INFOPLIST_FILE = YES;
				INFOPLIST_FILE = eMovie/Info.plist;
				INFOPLIST_KEY_UIApplicationSupportsIndirectInputEvents = YES;
				INFOPLIST_KEY_UILaunchStoryboardName = LaunchScreen;
				INFOPLIST_KEY_UIMainStoryboardFile = Main;
				INFOPLIST_KEY_UISupportedInterfaceOrientations_iPad = "UIInterfaceOrientationPortrait UIInterfaceOrientationPortraitUpsideDown UIInterfaceOrientationLandscapeLeft UIInterfaceOrientationLandscapeRight";
				INFOPLIST_KEY_UISupportedInterfaceOrientations_iPhone = "UIInterfaceOrientationPortrait UIInterfaceOrientationLandscapeLeft UIInterfaceOrientationLandscapeRight";
				LD_RUNPATH_SEARCH_PATHS = (
					"$(inherited)",
					"@executable_path/Frameworks",
				);
				MARKETING_VERSION = 1.0;
				PRODUCT_BUNDLE_IDENTIFIER = com.leandroberli.eMovie;
				PRODUCT_NAME = "$(TARGET_NAME)";
				PROVISIONING_PROFILE_SPECIFIER = "";
				SWIFT_EMIT_LOC_STRINGS = YES;
				SWIFT_VERSION = 5.0;
				TARGETED_DEVICE_FAMILY = "1,2";
			};
			name = Debug;
		};
		9A5CA7CE290A018200C6FD0D /* Release */ = {
			isa = XCBuildConfiguration;
			baseConfigurationReference = 94CE7B3B00885232D00FCC84 /* Pods-eMovie.release.xcconfig */;
			buildSettings = {
				ASSETCATALOG_COMPILER_APPICON_NAME = AppIcon;
				ASSETCATALOG_COMPILER_GLOBAL_ACCENT_COLOR_NAME = AccentColor;
				CODE_SIGN_IDENTITY = "Apple Development";
				CODE_SIGN_STYLE = Automatic;
				CURRENT_PROJECT_VERSION = 1;
				DEVELOPMENT_TEAM = FW8H8GHAA2;
				GENERATE_INFOPLIST_FILE = YES;
				INFOPLIST_FILE = eMovie/Info.plist;
				INFOPLIST_KEY_UIApplicationSupportsIndirectInputEvents = YES;
				INFOPLIST_KEY_UILaunchStoryboardName = LaunchScreen;
				INFOPLIST_KEY_UIMainStoryboardFile = Main;
				INFOPLIST_KEY_UISupportedInterfaceOrientations_iPad = "UIInterfaceOrientationPortrait UIInterfaceOrientationPortraitUpsideDown UIInterfaceOrientationLandscapeLeft UIInterfaceOrientationLandscapeRight";
				INFOPLIST_KEY_UISupportedInterfaceOrientations_iPhone = "UIInterfaceOrientationPortrait UIInterfaceOrientationLandscapeLeft UIInterfaceOrientationLandscapeRight";
				LD_RUNPATH_SEARCH_PATHS = (
					"$(inherited)",
					"@executable_path/Frameworks",
				);
				MARKETING_VERSION = 1.0;
				PRODUCT_BUNDLE_IDENTIFIER = com.leandroberli.eMovie;
				PRODUCT_NAME = "$(TARGET_NAME)";
				PROVISIONING_PROFILE_SPECIFIER = "";
				SWIFT_EMIT_LOC_STRINGS = YES;
				SWIFT_VERSION = 5.0;
				TARGETED_DEVICE_FAMILY = "1,2";
			};
			name = Release;
		};
		9A5CA7D0290A018200C6FD0D /* Debug */ = {
			isa = XCBuildConfiguration;
			baseConfigurationReference = FBA95321D5E0FE988D2A2F8B /* Pods-eMovieTests.debug.xcconfig */;
			buildSettings = {
				ALWAYS_EMBED_SWIFT_STANDARD_LIBRARIES = YES;
				BUNDLE_LOADER = "$(TEST_HOST)";
				CODE_SIGN_STYLE = Automatic;
				CURRENT_PROJECT_VERSION = 1;
				DEVELOPMENT_TEAM = FW8H8GHAA2;
				GENERATE_INFOPLIST_FILE = YES;
				IPHONEOS_DEPLOYMENT_TARGET = 16.0;
				MARKETING_VERSION = 1.0;
				PRODUCT_BUNDLE_IDENTIFIER = com.leandroberli.eMovieTests;
				PRODUCT_NAME = "$(TARGET_NAME)";
				SWIFT_EMIT_LOC_STRINGS = NO;
				SWIFT_VERSION = 5.0;
				TARGETED_DEVICE_FAMILY = "1,2";
				TEST_HOST = "$(BUILT_PRODUCTS_DIR)/eMovie.app/$(BUNDLE_EXECUTABLE_FOLDER_PATH)/eMovie";
			};
			name = Debug;
		};
		9A5CA7D1290A018200C6FD0D /* Release */ = {
			isa = XCBuildConfiguration;
			baseConfigurationReference = E18736CE128AF51AB20EFD2E /* Pods-eMovieTests.release.xcconfig */;
			buildSettings = {
				ALWAYS_EMBED_SWIFT_STANDARD_LIBRARIES = YES;
				BUNDLE_LOADER = "$(TEST_HOST)";
				CODE_SIGN_STYLE = Automatic;
				CURRENT_PROJECT_VERSION = 1;
				DEVELOPMENT_TEAM = FW8H8GHAA2;
				GENERATE_INFOPLIST_FILE = YES;
				IPHONEOS_DEPLOYMENT_TARGET = 16.0;
				MARKETING_VERSION = 1.0;
				PRODUCT_BUNDLE_IDENTIFIER = com.leandroberli.eMovieTests;
				PRODUCT_NAME = "$(TARGET_NAME)";
				SWIFT_EMIT_LOC_STRINGS = NO;
				SWIFT_VERSION = 5.0;
				TARGETED_DEVICE_FAMILY = "1,2";
				TEST_HOST = "$(BUILT_PRODUCTS_DIR)/eMovie.app/$(BUNDLE_EXECUTABLE_FOLDER_PATH)/eMovie";
			};
			name = Release;
		};
/* End XCBuildConfiguration section */

/* Begin XCConfigurationList section */
		9A5CA79D290A018000C6FD0D /* Build configuration list for PBXProject "eMovie" */ = {
			isa = XCConfigurationList;
			buildConfigurations = (
				9A5CA7CA290A018200C6FD0D /* Debug */,
				9A5CA7CB290A018200C6FD0D /* Release */,
			);
			defaultConfigurationIsVisible = 0;
			defaultConfigurationName = Release;
		};
		9A5CA7CC290A018200C6FD0D /* Build configuration list for PBXNativeTarget "eMovie" */ = {
			isa = XCConfigurationList;
			buildConfigurations = (
				9A5CA7CD290A018200C6FD0D /* Debug */,
				9A5CA7CE290A018200C6FD0D /* Release */,
			);
			defaultConfigurationIsVisible = 0;
			defaultConfigurationName = Release;
		};
		9A5CA7CF290A018200C6FD0D /* Build configuration list for PBXNativeTarget "eMovieTests" */ = {
			isa = XCConfigurationList;
			buildConfigurations = (
				9A5CA7D0290A018200C6FD0D /* Debug */,
				9A5CA7D1290A018200C6FD0D /* Release */,
			);
			defaultConfigurationIsVisible = 0;
			defaultConfigurationName = Release;
		};
/* End XCConfigurationList section */
	};
	rootObject = 9A5CA79A290A018000C6FD0D /* Project object */;
}
